// !$*UTF8*$!
{
	archiveVersion = 1;
	classes = {
	};
	objectVersion = 50;
	objects = {

/* Begin PBXBuildFile section */
		BD04C0FF22D8F6690084F6D9 /* AppDelegate.swift in Sources */ = {isa = PBXBuildFile; fileRef = BD04C0FE22D8F6690084F6D9 /* AppDelegate.swift */; };
		BD04C10122D8F6690084F6D9 /* SceneDelegate.swift in Sources */ = {isa = PBXBuildFile; fileRef = BD04C10022D8F6690084F6D9 /* SceneDelegate.swift */; };
		BD04C10322D8F6690084F6D9 /* ContentView.swift in Sources */ = {isa = PBXBuildFile; fileRef = BD04C10222D8F6690084F6D9 /* ContentView.swift */; };
		BD04C10522D8F66B0084F6D9 /* Assets.xcassets in Resources */ = {isa = PBXBuildFile; fileRef = BD04C10422D8F66B0084F6D9 /* Assets.xcassets */; };
		BD04C10822D8F66B0084F6D9 /* Preview Assets.xcassets in Resources */ = {isa = PBXBuildFile; fileRef = BD04C10722D8F66B0084F6D9 /* Preview Assets.xcassets */; };
		BD04C10B22D8F66B0084F6D9 /* LaunchScreen.storyboard in Resources */ = {isa = PBXBuildFile; fileRef = BD04C10922D8F66B0084F6D9 /* LaunchScreen.storyboard */; };
/* End PBXBuildFile section */

/* Begin PBXFileReference section */
		BD04C0FB22D8F6690084F6D9 /* HealthSwiftUI.app */ = {isa = PBXFileReference; explicitFileType = wrapper.application; includeInIndex = 0; path = HealthSwiftUI.app; sourceTree = BUILT_PRODUCTS_DIR; };
		BD04C0FE22D8F6690084F6D9 /* AppDelegate.swift */ = {isa = PBXFileReference; lastKnownFileType = sourcecode.swift; path = AppDelegate.swift; sourceTree = "<group>"; };
		BD04C10022D8F6690084F6D9 /* SceneDelegate.swift */ = {isa = PBXFileReference; lastKnownFileType = sourcecode.swift; path = SceneDelegate.swift; sourceTree = "<group>"; };
		BD04C10222D8F6690084F6D9 /* ContentView.swift */ = {isa = PBXFileReference; lastKnownFileType = sourcecode.swift; path = ContentView.swift; sourceTree = "<group>"; };
		BD04C10422D8F66B0084F6D9 /* Assets.xcassets */ = {isa = PBXFileReference; lastKnownFileType = folder.assetcatalog; path = Assets.xcassets; sourceTree = "<group>"; };
		BD04C10722D8F66B0084F6D9 /* Preview Assets.xcassets */ = {isa = PBXFileReference; lastKnownFileType = folder.assetcatalog; path = "Preview Assets.xcassets"; sourceTree = "<group>"; };
		BD04C10A22D8F66B0084F6D9 /* Base */ = {isa = PBXFileReference; lastKnownFileType = file.storyboard; name = Base; path = Base.lproj/LaunchScreen.storyboard; sourceTree = "<group>"; };
		BD04C10C22D8F66B0084F6D9 /* Info.plist */ = {isa = PBXFileReference; lastKnownFileType = text.plist.xml; path = Info.plist; sourceTree = "<group>"; };
/* End PBXFileReference section */

/* Begin PBXFrameworksBuildPhase section */
		BD04C0F822D8F6690084F6D9 /* Frameworks */ = {
			isa = PBXFrameworksBuildPhase;
			buildActionMask = 2147483647;
			files = (
			);
			runOnlyForDeploymentPostprocessing = 0;
		};
/* End PBXFrameworksBuildPhase section */

/* Begin PBXGroup section */
		BD04C0F222D8F6690084F6D9 = {
			isa = PBXGroup;
			children = (
				BD04C0FD22D8F6690084F6D9 /* HealthSwiftUI */,
				BD04C0FC22D8F6690084F6D9 /* Products */,
			);
			sourceTree = "<group>";
		};
		BD04C0FC22D8F6690084F6D9 /* Products */ = {
			isa = PBXGroup;
			children = (
				BD04C0FB22D8F6690084F6D9 /* HealthSwiftUI.app */,
			);
			name = Products;
			sourceTree = "<group>";
		};
		BD04C0FD22D8F6690084F6D9 /* HealthSwiftUI */ = {
			isa = PBXGroup;
			children = (
				BD04C0FE22D8F6690084F6D9 /* AppDelegate.swift */,
				BD04C10022D8F6690084F6D9 /* SceneDelegate.swift */,
				BD04C10222D8F6690084F6D9 /* ContentView.swift */,
				BD04C10422D8F66B0084F6D9 /* Assets.xcassets */,
				BD04C10922D8F66B0084F6D9 /* LaunchScreen.storyboard */,
				BD04C10C22D8F66B0084F6D9 /* Info.plist */,
				BD04C10622D8F66B0084F6D9 /* Preview Content */,
			);
			path = HealthSwiftUI;
			sourceTree = "<group>";
		};
		BD04C10622D8F66B0084F6D9 /* Preview Content */ = {
			isa = PBXGroup;
			children = (
				BD04C10722D8F66B0084F6D9 /* Preview Assets.xcassets */,
			);
			path = "Preview Content";
			sourceTree = "<group>";
		};
/* End PBXGroup section */

/* Begin PBXNativeTarget section */
		BD04C0FA22D8F6690084F6D9 /* HealthSwiftUI */ = {
			isa = PBXNativeTarget;
			buildConfigurationList = BD04C10F22D8F66B0084F6D9 /* Build configuration list for PBXNativeTarget "HealthSwiftUI" */;
			buildPhases = (
				BD04C0F722D8F6690084F6D9 /* Sources */,
				BD04C0F822D8F6690084F6D9 /* Frameworks */,
				BD04C0F922D8F6690084F6D9 /* Resources */,
			);
			buildRules = (
			);
			dependencies = (
			);
			name = HealthSwiftUI;
			productName = HealthSwiftUI;
			productReference = BD04C0FB22D8F6690084F6D9 /* HealthSwiftUI.app */;
			productType = "com.apple.product-type.application";
		};
/* End PBXNativeTarget section */

/* Begin PBXProject section */
		BD04C0F322D8F6690084F6D9 /* Project object */ = {
			isa = PBXProject;
			attributes = {
				LastSwiftUpdateCheck = 1100;
				LastUpgradeCheck = 1100;
				ORGANIZATIONNAME = "Lambda, Inc";
				TargetAttributes = {
					BD04C0FA22D8F6690084F6D9 = {
						CreatedOnToolsVersion = 11.0;
					};
				};
			};
			buildConfigurationList = BD04C0F622D8F6690084F6D9 /* Build configuration list for PBXProject "HealthSwiftUI" */;
			compatibilityVersion = "Xcode 9.3";
			developmentRegion = en;
			hasScannedForEncodings = 0;
			knownRegions = (
				en,
				Base,
			);
			mainGroup = BD04C0F222D8F6690084F6D9;
			productRefGroup = BD04C0FC22D8F6690084F6D9 /* Products */;
			projectDirPath = "";
			projectRoot = "";
			targets = (
				BD04C0FA22D8F6690084F6D9 /* HealthSwiftUI */,
			);
		};
/* End PBXProject section */

/* Begin PBXResourcesBuildPhase section */
		BD04C0F922D8F6690084F6D9 /* Resources */ = {
			isa = PBXResourcesBuildPhase;
			buildActionMask = 2147483647;
			files = (
				BD04C10B22D8F66B0084F6D9 /* LaunchScreen.storyboard in Resources */,
				BD04C10822D8F66B0084F6D9 /* Preview Assets.xcassets in Resources */,
				BD04C10522D8F66B0084F6D9 /* Assets.xcassets in Resources */,
			);
			runOnlyForDeploymentPostprocessing = 0;
		};
/* End PBXResourcesBuildPhase section */

/* Begin PBXSourcesBuildPhase section */
		BD04C0F722D8F6690084F6D9 /* Sources */ = {
			isa = PBXSourcesBuildPhase;
			buildActionMask = 2147483647;
			files = (
				BD04C0FF22D8F6690084F6D9 /* AppDelegate.swift in Sources */,
				BD04C10122D8F6690084F6D9 /* SceneDelegate.swift in Sources */,
				BD04C10322D8F6690084F6D9 /* ContentView.swift in Sources */,
			);
			runOnlyForDeploymentPostprocessing = 0;
		};
/* End PBXSourcesBuildPhase section */

/* Begin PBXVariantGroup section */
		BD04C10922D8F66B0084F6D9 /* LaunchScreen.storyboard */ = {
			isa = PBXVariantGroup;
			children = (
				BD04C10A22D8F66B0084F6D9 /* Base */,
			);
			name = LaunchScreen.storyboard;
			sourceTree = "<group>";
		};
/* End PBXVariantGroup section */

/* Begin XCBuildConfiguration section */
		BD04C10D22D8F66B0084F6D9 /* Debug */ = {
			isa = XCBuildConfiguration;
			buildSettings = {
				ALWAYS_SEARCH_USER_PATHS = NO;
				CLANG_ANALYZER_NONNULL = YES;
				CLANG_ANALYZER_NUMBER_OBJECT_CONVERSION = YES_AGGRESSIVE;
				CLANG_CXX_LANGUAGE_STANDARD = "gnu++14";
				CLANG_CXX_LIBRARY = "libc++";
				CLANG_ENABLE_MODULES = YES;
				CLANG_ENABLE_OBJC_ARC = YES;
				CLANG_ENABLE_OBJC_WEAK = YES;
				CLANG_WARN_BLOCK_CAPTURE_AUTORELEASING = YES;
				CLANG_WARN_BOOL_CONVERSION = YES;
				CLANG_WARN_COMMA = YES;
				CLANG_WARN_CONSTANT_CONVERSION = YES;
				CLANG_WARN_DEPRECATED_OBJC_IMPLEMENTATIONS = YES;
				CLANG_WARN_DIRECT_OBJC_ISA_USAGE = YES_ERROR;
				CLANG_WARN_DOCUMENTATION_COMMENTS = YES;
				CLANG_WARN_EMPTY_BODY = YES;
				CLANG_WARN_ENUM_CONVERSION = YES;
				CLANG_WARN_INFINITE_RECURSION = YES;
				CLANG_WARN_INT_CONVERSION = YES;
				CLANG_WARN_NON_LITERAL_NULL_CONVERSION = YES;
				CLANG_WARN_OBJC_IMPLICIT_RETAIN_SELF = YES;
				CLANG_WARN_OBJC_LITERAL_CONVERSION = YES;
				CLANG_WARN_OBJC_ROOT_CLASS = YES_ERROR;
				CLANG_WARN_RANGE_LOOP_ANALYSIS = YES;
				CLANG_WARN_STRICT_PROTOTYPES = YES;
				CLANG_WARN_SUSPICIOUS_MOVE = YES;
				CLANG_WARN_UNGUARDED_AVAILABILITY = YES_AGGRESSIVE;
				CLANG_WARN_UNREACHABLE_CODE = YES;
				CLANG_WARN__DUPLICATE_METHOD_MATCH = YES;
				COPY_PHASE_STRIP = NO;
				DEBUG_INFORMATION_FORMAT = dwarf;
				ENABLE_STRICT_OBJC_MSGSEND = YES;
				ENABLE_TESTABILITY = YES;
				GCC_C_LANGUAGE_STANDARD = gnu11;
				GCC_DYNAMIC_NO_PIC = NO;
				GCC_NO_COMMON_BLOCKS = YES;
				GCC_OPTIMIZATION_LEVEL = 0;
				GCC_PREPROCESSOR_DEFINITIONS = (
					"DEBUG=1",
					"$(inherited)",
				);
				GCC_WARN_64_TO_32_BIT_CONVERSION = YES;
				GCC_WARN_ABOUT_RETURN_TYPE = YES_ERROR;
				GCC_WARN_UNDECLARED_SELECTOR = YES;
				GCC_WARN_UNINITIALIZED_AUTOS = YES_AGGRESSIVE;
				GCC_WARN_UNUSED_FUNCTION = YES;
				GCC_WARN_UNUSED_VARIABLE = YES;
				IPHONEOS_DEPLOYMENT_TARGET = 13.0;
				MTL_ENABLE_DEBUG_INFO = INCLUDE_SOURCE;
				MTL_FAST_MATH = YES;
				ONLY_ACTIVE_ARCH = YES;
				SDKROOT = iphoneos;
				SWIFT_ACTIVE_COMPILATION_CONDITIONS = DEBUG;
				SWIFT_OPTIMIZATION_LEVEL = "-Onone";
			};
			name = Debug;
		};
		BD04C10E22D8F66B0084F6D9 /* Release */ = {
			isa = XCBuildConfiguration;
			buildSettings = {
				ALWAYS_SEARCH_USER_PATHS = NO;
				CLANG_ANALYZER_NONNULL = YES;
				CLANG_ANALYZER_NUMBER_OBJECT_CONVERSION = YES_AGGRESSIVE;
				CLANG_CXX_LANGUAGE_STANDARD = "gnu++14";
				CLANG_CXX_LIBRARY = "libc++";
				CLANG_ENABLE_MODULES = YES;
				CLANG_ENABLE_OBJC_ARC = YES;
				CLANG_ENABLE_OBJC_WEAK = YES;
				CLANG_WARN_BLOCK_CAPTURE_AUTORELEASING = YES;
				CLANG_WARN_BOOL_CONVERSION = YES;
				CLANG_WARN_COMMA = YES;
				CLANG_WARN_CONSTANT_CONVERSION = YES;
				CLANG_WARN_DEPRECATED_OBJC_IMPLEMENTATIONS = YES;
				CLANG_WARN_DIRECT_OBJC_ISA_USAGE = YES_ERROR;
				CLANG_WARN_DOCUMENTATION_COMMENTS = YES;
				CLANG_WARN_EMPTY_BODY = YES;
				CLANG_WARN_ENUM_CONVERSION = YES;
				CLANG_WARN_INFINITE_RECURSION = YES;
				CLANG_WARN_INT_CONVERSION = YES;
				CLANG_WARN_NON_LITERAL_NULL_CONVERSION = YES;
				CLANG_WARN_OBJC_IMPLICIT_RETAIN_SELF = YES;
				CLANG_WARN_OBJC_LITERAL_CONVERSION = YES;
				CLANG_WARN_OBJC_ROOT_CLASS = YES_ERROR;
				CLANG_WARN_RANGE_LOOP_ANALYSIS = YES;
				CLANG_WARN_STRICT_PROTOTYPES = YES;
				CLANG_WARN_SUSPICIOUS_MOVE = YES;
				CLANG_WARN_UNGUARDED_AVAILABILITY = YES_AGGRESSIVE;
				CLANG_WARN_UNREACHABLE_CODE = YES;
				CLANG_WARN__DUPLICATE_METHOD_MATCH = YES;
				COPY_PHASE_STRIP = NO;
				DEBUG_INFORMATION_FORMAT = "dwarf-with-dsym";
				ENABLE_NS_ASSERTIONS = NO;
				ENABLE_STRICT_OBJC_MSGSEND = YES;
				GCC_C_LANGUAGE_STANDARD = gnu11;
				GCC_NO_COMMON_BLOCKS = YES;
				GCC_WARN_64_TO_32_BIT_CONVERSION = YES;
				GCC_WARN_ABOUT_RETURN_TYPE = YES_ERROR;
				GCC_WARN_UNDECLARED_SELECTOR = YES;
				GCC_WARN_UNINITIALIZED_AUTOS = YES_AGGRESSIVE;
				GCC_WARN_UNUSED_FUNCTION = YES;
				GCC_WARN_UNUSED_VARIABLE = YES;
				IPHONEOS_DEPLOYMENT_TARGET = 13.0;
				MTL_ENABLE_DEBUG_INFO = NO;
				MTL_FAST_MATH = YES;
				SDKROOT = iphoneos;
				SWIFT_COMPILATION_MODE = wholemodule;
				SWIFT_OPTIMIZATION_LEVEL = "-O";
				VALIDATE_PRODUCT = YES;
			};
			name = Release;
		};
		BD04C11022D8F66B0084F6D9 /* Debug */ = {
			isa = XCBuildConfiguration;
			buildSettings = {
				ASSETCATALOG_COMPILER_APPICON_NAME = AppIcon;
				CODE_SIGN_STYLE = Automatic;
				DEVELOPMENT_ASSET_PATHS = "HealthSwiftUI/Preview\\ Content";
				DEVELOPMENT_TEAM = VXUQXR6S56;
				ENABLE_PREVIEWS = YES;
				INFOPLIST_FILE = HealthSwiftUI/Info.plist;
				LD_RUNPATH_SEARCH_PATHS = (
					"$(inherited)",
					"@executable_path/Frameworks",
				);
				PRODUCT_BUNDLE_IDENTIFIER = com.lambdaschool.HealthSwiftUI;
				PRODUCT_NAME = "$(TARGET_NAME)";
				SWIFT_VERSION = 5.0;
				TARGETED_DEVICE_FAMILY = "1,2";
			};
			name = Debug;
		};
		BD04C11122D8F66B0084F6D9 /* Release */ = {
			isa = XCBuildConfiguration;
			buildSettings = {
				ASSETCATALOG_COMPILER_APPICON_NAME = AppIcon;
				CODE_SIGN_STYLE = Automatic;
				DEVELOPMENT_ASSET_PATHS = "HealthSwiftUI/Preview\\ Content";
				DEVELOPMENT_TEAM = VXUQXR6S56;
				ENABLE_PREVIEWS = YES;
				INFOPLIST_FILE = HealthSwiftUI/Info.plist;
				LD_RUNPATH_SEARCH_PATHS = (
					"$(inherited)",
					"@executable_path/Frameworks",
				);
				PRODUCT_BUNDLE_IDENTIFIER = com.lambdaschool.HealthSwiftUI;
				PRODUCT_NAME = "$(TARGET_NAME)";
				SWIFT_VERSION = 5.0;
				TARGETED_DEVICE_FAMILY = "1,2";
			};
			name = Release;
		};
/* End XCBuildConfiguration section */

/* Begin XCConfigurationList section */
		BD04C0F622D8F6690084F6D9 /* Build configuration list for PBXProject "HealthSwiftUI" */ = {
			isa = XCConfigurationList;
			buildConfigurations = (
				BD04C10D22D8F66B0084F6D9 /* Debug */,
				BD04C10E22D8F66B0084F6D9 /* Release */,
			);
			defaultConfigurationIsVisible = 0;
			defaultConfigurationName = Release;
		};
		BD04C10F22D8F66B0084F6D9 /* Build configuration list for PBXNativeTarget "HealthSwiftUI" */ = {
			isa = XCConfigurationList;
			buildConfigurations = (
				BD04C11022D8F66B0084F6D9 /* Debug */,
				BD04C11122D8F66B0084F6D9 /* Release */,
			);
			defaultConfigurationIsVisible = 0;
			defaultConfigurationName = Release;
		};
/* End XCConfigurationList section */
	};
	rootObject = BD04C0F322D8F6690084F6D9 /* Project object */;
}
